
Microsoft Visual Studio Solution File, Format Version 12.00
# Visual Studio 2012
Project("{2150E333-8FDC-42A3-9474-1A3956D46DE8}") = "Data", "Data", "{F56F74AD-C569-4107-86C5-1151AB21AF7A}"
EndProject
Project("{2150E333-8FDC-42A3-9474-1A3956D46DE8}") = "邮件", "邮件", "{DD563324-767A-41D1-8AA5-D64854F65C22}"
EndProject
Project("{2150E333-8FDC-42A3-9474-1A3956D46DE8}") = "压缩解压", "压缩解压", "{18D1D47D-955D-43DC-BE18-382B2C0D65CA}"
EndProject
Project("{2150E333-8FDC-42A3-9474-1A3956D46DE8}") = "文件操作", "文件操作", "{129002F5-73DA-4783-9884-0823FE6A6971}"
EndProject
Project("{2150E333-8FDC-42A3-9474-1A3956D46DE8}") = "Html操作", "Html操作", "{5C3E23A6-FE28-4B1A-B658-D9645F62667A}"
EndProject
Project("{2150E333-8FDC-42A3-9474-1A3956D46DE8}") = "JSON", "JSON", "{93BA729E-A6CF-4562-885E-A5CE2C9C3BA5}"
EndProject
Project("{2150E333-8FDC-42A3-9474-1A3956D46DE8}") = "图片", "图片", "{DE0A690D-A15E-4F62-95AF-3B8916E7A8D8}"
EndProject
Project("{2150E333-8FDC-42A3-9474-1A3956D46DE8}") = "网络", "网络", "{099C2F40-7A05-4B39-B304-E03E419FD26B}"
EndProject
Project("{2150E333-8FDC-42A3-9474-1A3956D46DE8}") = "Web", "Web", "{74C2536C-3F1C-4E50-A931-D017CBA0F510}"
EndProject
Project("{2150E333-8FDC-42A3-9474-1A3956D46DE8}") = "XML", "XML", "{B306E730-9FF0-41BF-A523-997965972597}"
EndProject
Project("{2150E333-8FDC-42A3-9474-1A3956D46DE8}") = "Thread", "Thread", "{2F9D6CE3-90D4-47AD-AA27-31D848B6A239}"
EndProject
Project("{2150E333-8FDC-42A3-9474-1A3956D46DE8}") = "Office", "Office", "{CA52601D-6372-4989-A68A-D58734FDD3B3}"
EndProject
Project("{2150E333-8FDC-42A3-9474-1A3956D46DE8}") = "Collections", "Collections", "{FA96A1AB-1C4F-4291-AB79-D645ED033D99}"
EndProject
Project("{2150E333-8FDC-42A3-9474-1A3956D46DE8}") = "系统相关", "系统相关", "{1826467F-98DF-4CF9-A8CF-E36A88AE7E62}"
EndProject
Project("{FAE04EC0-301F-11D3-BF4B-00C04F79EFBC}") = "DotNetUtilities", "DotNetUtilities\DotNetUtilities.csproj", "{2F969FD4-AF98-4414-B377-C35F0BA1B5E7}"
EndProject
Project("{FAE04EC0-301F-11D3-BF4B-00C04F79EFBC}") = "Core.Web", "Core.Web\Core.Web.csproj", "{4D83C1B4-9FAD-4F19-AB2E-28D02A39DF51}"
EndProject
Project("{FAE04EC0-301F-11D3-BF4B-00C04F79EFBC}") = "Core.DBUtility", "Core.DBUtility\Core.DBUtility.csproj", "{C8E7D26D-2896-4206-AF79-6D494440C5C2}"
EndProject
Project("{FAE04EC0-301F-11D3-BF4B-00C04F79EFBC}") = "Core.Net", "Core.Net\Core.Net.csproj", "{86844AFB-C40C-4086-87CE-1C2A31A1278C}"
EndProject
Project("{FAE04EC0-301F-11D3-BF4B-00C04F79EFBC}") = "Core.XML", "Core.XML\Core.XML.csproj", "{3857BA10-1010-4B0E-BE26-FFA456E488FA}"
EndProject
Project("{FAE04EC0-301F-11D3-BF4B-00C04F79EFBC}") = "Core.Systems", "Core.Systems\Core.Systems.csproj", "{E1A7E991-237D-48A3-B38D-3A5422A66908}"
EndProject
Project("{FAE04EC0-301F-11D3-BF4B-00C04F79EFBC}") = "Core.Drawing", "Core.Drawing\Core.Drawing.csproj", "{5792C255-30E5-4A29-8C92-BB696E9BC6C3}"
EndProject
Project("{FAE04EC0-301F-11D3-BF4B-00C04F79EFBC}") = "Core.Zip", "Core.Zip\Core.Zip.csproj", "{3CB15D71-B73B-42D2-84BF-3135FAA1D8DB}"
EndProject
Project("{FAE04EC0-301F-11D3-BF4B-00C04F79EFBC}") = "Core.Email", "Core.Email\Core.Email.csproj", "{A42B6687-26CD-484A-AE7D-001313C78496}"
EndProject
Project("{FAE04EC0-301F-11D3-BF4B-00C04F79EFBC}") = "Core.Json", "Core.Json\Core.Json.csproj", "{10AF5A17-977D-49CD-B4CC-31D3DD8BF66E}"
EndProject
Project("{FAE04EC0-301F-11D3-BF4B-00C04F79EFBC}") = "Core.Office", "Core.Office\Core.Office.csproj", "{2294E3A6-F919-4443-B56F-D48E0C4D1B53}"
EndProject
Project("{FAE04EC0-301F-11D3-BF4B-00C04F79EFBC}") = "Core.Collections", "Core.Collections\Core.Collections.csproj", "{EBBECA37-98B3-4599-BF8D-960F432015CB}"
EndProject
Project("{FAE04EC0-301F-11D3-BF4B-00C04F79EFBC}") = "Core.Threads", "Core.Thread\Core.Threads.csproj", "{DD7208E4-1237-46EF-985C-64D3AFC62A4E}"
EndProject
Project("{FAE04EC0-301F-11D3-BF4B-00C04F79EFBC}") = "Core.IO", "Core.IO\Core.IO.csproj", "{DFBCF4DE-E56C-43BE-89CD-962352C4BEB9}"
EndProject
Project("{FAE04EC0-301F-11D3-BF4B-00C04F79EFBC}") = "Core.Html", "Core.Html\Core.Html.csproj", "{35771DF9-7C4C-4597-B86A-A5785FC91D94}"
EndProject
Project("{FAE04EC0-301F-11D3-BF4B-00C04F79EFBC}") = "Core.Common", "Core.Common\Core.Common.csproj", "{9BF6393B-2915-4E4F-B223-357FAF1C3B2A}"
EndProject
Global
	GlobalSection(SolutionConfigurationPlatforms) = preSolution
		Debug|Any CPU = Debug|Any CPU
		Debug|Mixed Platforms = Debug|Mixed Platforms
		Debug|x86 = Debug|x86
		Release|Any CPU = Release|Any CPU
		Release|Mixed Platforms = Release|Mixed Platforms
		Release|x86 = Release|x86
	EndGlobalSection
	GlobalSection(ProjectConfigurationPlatforms) = postSolution
		{2F969FD4-AF98-4414-B377-C35F0BA1B5E7}.Debug|Any CPU.ActiveCfg = Debug|Any CPU
		{2F969FD4-AF98-4414-B377-C35F0BA1B5E7}.Debug|Any CPU.Build.0 = Debug|Any CPU
		{2F969FD4-AF98-4414-B377-C35F0BA1B5E7}.Debug|Mixed Platforms.ActiveCfg = Debug|Any CPU
		{2F969FD4-AF98-4414-B377-C35F0BA1B5E7}.Debug|Mixed Platforms.Build.0 = Debug|Any CPU
		{2F969FD4-AF98-4414-B377-C35F0BA1B5E7}.Debug|x86.ActiveCfg = Debug|Any CPU
		{2F969FD4-AF98-4414-B377-C35F0BA1B5E7}.Release|Any CPU.ActiveCfg = Release|Any CPU
		{2F969FD4-AF98-4414-B377-C35F0BA1B5E7}.Release|Any CPU.Build.0 = Release|Any CPU
		{2F969FD4-AF98-4414-B377-C35F0BA1B5E7}.Release|Mixed Platforms.ActiveCfg = Release|Any CPU
		{2F969FD4-AF98-4414-B377-C35F0BA1B5E7}.Release|Mixed Platforms.Build.0 = Release|Any CPU
		{2F969FD4-AF98-4414-B377-C35F0BA1B5E7}.Release|x86.ActiveCfg = Release|Any CPU
		{4D83C1B4-9FAD-4F19-AB2E-28D02A39DF51}.Debug|Any CPU.ActiveCfg = Debug|Any CPU
		{4D83C1B4-9FAD-4F19-AB2E-28D02A39DF51}.Debug|Any CPU.Build.0 = Debug|Any CPU
		{4D83C1B4-9FAD-4F19-AB2E-28D02A39DF51}.Debug|Mixed Platforms.ActiveCfg = Debug|Any CPU
		{4D83C1B4-9FAD-4F19-AB2E-28D02A39DF51}.Debug|Mixed Platforms.Build.0 = Debug|Any CPU
		{4D83C1B4-9FAD-4F19-AB2E-28D02A39DF51}.Debug|x86.ActiveCfg = Debug|Any CPU
		{4D83C1B4-9FAD-4F19-AB2E-28D02A39DF51}.Release|Any CPU.ActiveCfg = Release|Any CPU
		{4D83C1B4-9FAD-4F19-AB2E-28D02A39DF51}.Release|Any CPU.Build.0 = Release|Any CPU
		{4D83C1B4-9FAD-4F19-AB2E-28D02A39DF51}.Release|Mixed Platforms.ActiveCfg = Release|Any CPU
		{4D83C1B4-9FAD-4F19-AB2E-28D02A39DF51}.Release|Mixed Platforms.Build.0 = Release|Any CPU
		{4D83C1B4-9FAD-4F19-AB2E-28D02A39DF51}.Release|x86.ActiveCfg = Release|Any CPU
		{C8E7D26D-2896-4206-AF79-6D494440C5C2}.Debug|Any CPU.ActiveCfg = Debug|Any CPU
		{C8E7D26D-2896-4206-AF79-6D494440C5C2}.Debug|Any CPU.Build.0 = Debug|Any CPU
		{C8E7D26D-2896-4206-AF79-6D494440C5C2}.Debug|Mixed Platforms.ActiveCfg = Debug|Any CPU
		{C8E7D26D-2896-4206-AF79-6D494440C5C2}.Debug|Mixed Platforms.Build.0 = Debug|Any CPU
		{C8E7D26D-2896-4206-AF79-6D494440C5C2}.Debug|x86.ActiveCfg = Debug|Any CPU
		{C8E7D26D-2896-4206-AF79-6D494440C5C2}.Release|Any CPU.ActiveCfg = Release|Any CPU
		{C8E7D26D-2896-4206-AF79-6D494440C5C2}.Release|Any CPU.Build.0 = Release|Any CPU
		{C8E7D26D-2896-4206-AF79-6D494440C5C2}.Release|Mixed Platforms.ActiveCfg = Release|Any CPU
		{C8E7D26D-2896-4206-AF79-6D494440C5C2}.Release|Mixed Platforms.Build.0 = Release|Any CPU
		{C8E7D26D-2896-4206-AF79-6D494440C5C2}.Release|x86.ActiveCfg = Release|Any CPU
		{86844AFB-C40C-4086-87CE-1C2A31A1278C}.Debug|Any CPU.ActiveCfg = Debug|Any CPU
		{86844AFB-C40C-4086-87CE-1C2A31A1278C}.Debug|Any CPU.Build.0 = Debug|Any CPU
		{86844AFB-C40C-4086-87CE-1C2A31A1278C}.Debug|Mixed Platforms.ActiveCfg = Debug|Any CPU
		{86844AFB-C40C-4086-87CE-1C2A31A1278C}.Debug|Mixed Platforms.Build.0 = Debug|Any CPU
		{86844AFB-C40C-4086-87CE-1C2A31A1278C}.Debug|x86.ActiveCfg = Debug|Any CPU
		{86844AFB-C40C-4086-87CE-1C2A31A1278C}.Release|Any CPU.ActiveCfg = Release|Any CPU
		{86844AFB-C40C-4086-87CE-1C2A31A1278C}.Release|Any CPU.Build.0 = Release|Any CPU
		{86844AFB-C40C-4086-87CE-1C2A31A1278C}.Release|Mixed Platforms.ActiveCfg = Release|Any CPU
		{86844AFB-C40C-4086-87CE-1C2A31A1278C}.Release|Mixed Platforms.Build.0 = Release|Any CPU
		{86844AFB-C40C-4086-87CE-1C2A31A1278C}.Release|x86.ActiveCfg = Release|Any CPU
		{3857BA10-1010-4B0E-BE26-FFA456E488FA}.Debug|Any CPU.ActiveCfg = Debug|Any CPU
		{3857BA10-1010-4B0E-BE26-FFA456E488FA}.Debug|Any CPU.Build.0 = Debug|Any CPU
		{3857BA10-1010-4B0E-BE26-FFA456E488FA}.Debug|Mixed Platforms.ActiveCfg = Debug|Any CPU
		{3857BA10-1010-4B0E-BE26-FFA456E488FA}.Debug|Mixed Platforms.Build.0 = Debug|Any CPU
		{3857BA10-1010-4B0E-BE26-FFA456E488FA}.Debug|x86.ActiveCfg = Debug|Any CPU
		{3857BA10-1010-4B0E-BE26-FFA456E488FA}.Release|Any CPU.ActiveCfg = Release|Any CPU
		{3857BA10-1010-4B0E-BE26-FFA456E488FA}.Release|Any CPU.Build.0 = Release|Any CPU
		{3857BA10-1010-4B0E-BE26-FFA456E488FA}.Release|Mixed Platforms.ActiveCfg = Release|Any CPU
		{3857BA10-1010-4B0E-BE26-FFA456E488FA}.Release|Mixed Platforms.Build.0 = Release|Any CPU
		{3857BA10-1010-4B0E-BE26-FFA456E488FA}.Release|x86.ActiveCfg = Release|Any CPU
		{E1A7E991-237D-48A3-B38D-3A5422A66908}.Debug|Any CPU.ActiveCfg = Debug|Any CPU
		{E1A7E991-237D-48A3-B38D-3A5422A66908}.Debug|Any CPU.Build.0 = Debug|Any CPU
		{E1A7E991-237D-48A3-B38D-3A5422A66908}.Debug|Mixed Platforms.ActiveCfg = Debug|Any CPU
		{E1A7E991-237D-48A3-B38D-3A5422A66908}.Debug|Mixed Platforms.Build.0 = Debug|Any CPU
		{E1A7E991-237D-48A3-B38D-3A5422A66908}.Debug|x86.ActiveCfg = Debug|Any CPU
		{E1A7E991-237D-48A3-B38D-3A5422A66908}.Release|Any CPU.ActiveCfg = Release|Any CPU
		{E1A7E991-237D-48A3-B38D-3A5422A66908}.Release|Any CPU.Build.0 = Release|Any CPU
		{E1A7E991-237D-48A3-B38D-3A5422A66908}.Release|Mixed Platforms.ActiveCfg = Release|Any CPU
		{E1A7E991-237D-48A3-B38D-3A5422A66908}.Release|Mixed Platforms.Build.0 = Release|Any CPU
		{E1A7E991-237D-48A3-B38D-3A5422A66908}.Release|x86.ActiveCfg = Release|Any CPU
		{5792C255-30E5-4A29-8C92-BB696E9BC6C3}.Debug|Any CPU.ActiveCfg = Debug|Any CPU
		{5792C255-30E5-4A29-8C92-BB696E9BC6C3}.Debug|Any CPU.Build.0 = Debug|Any CPU
		{5792C255-30E5-4A29-8C92-BB696E9BC6C3}.Debug|Mixed Platforms.ActiveCfg = Debug|Any CPU
		{5792C255-30E5-4A29-8C92-BB696E9BC6C3}.Debug|Mixed Platforms.Build.0 = Debug|Any CPU
		{5792C255-30E5-4A29-8C92-BB696E9BC6C3}.Debug|x86.ActiveCfg = Debug|Any CPU
		{5792C255-30E5-4A29-8C92-BB696E9BC6C3}.Release|Any CPU.ActiveCfg = Release|Any CPU
		{5792C255-30E5-4A29-8C92-BB696E9BC6C3}.Release|Any CPU.Build.0 = Release|Any CPU
		{5792C255-30E5-4A29-8C92-BB696E9BC6C3}.Release|Mixed Platforms.ActiveCfg = Release|Any CPU
		{5792C255-30E5-4A29-8C92-BB696E9BC6C3}.Release|Mixed Platforms.Build.0 = Release|Any CPU
		{5792C255-30E5-4A29-8C92-BB696E9BC6C3}.Release|x86.ActiveCfg = Release|Any CPU
		{3CB15D71-B73B-42D2-84BF-3135FAA1D8DB}.Debug|Any CPU.ActiveCfg = Debug|Any CPU
		{3CB15D71-B73B-42D2-84BF-3135FAA1D8DB}.Debug|Any CPU.Build.0 = Debug|Any CPU
		{3CB15D71-B73B-42D2-84BF-3135FAA1D8DB}.Debug|Mixed Platforms.ActiveCfg = Debug|Any CPU
		{3CB15D71-B73B-42D2-84BF-3135FAA1D8DB}.Debug|Mixed Platforms.Build.0 = Debug|Any CPU
		{3CB15D71-B73B-42D2-84BF-3135FAA1D8DB}.Debug|x86.ActiveCfg = Debug|Any CPU
		{3CB15D71-B73B-42D2-84BF-3135FAA1D8DB}.Release|Any CPU.ActiveCfg = Release|Any CPU
		{3CB15D71-B73B-42D2-84BF-3135FAA1D8DB}.Release|Any CPU.Build.0 = Release|Any CPU
		{3CB15D71-B73B-42D2-84BF-3135FAA1D8DB}.Release|Mixed Platforms.ActiveCfg = Release|Any CPU
		{3CB15D71-B73B-42D2-84BF-3135FAA1D8DB}.Release|Mixed Platforms.Build.0 = Release|Any CPU
		{3CB15D71-B73B-42D2-84BF-3135FAA1D8DB}.Release|x86.ActiveCfg = Release|Any CPU
		{A42B6687-26CD-484A-AE7D-001313C78496}.Debug|Any CPU.ActiveCfg = Debug|Any CPU
		{A42B6687-26CD-484A-AE7D-001313C78496}.Debug|Any CPU.Build.0 = Debug|Any CPU
		{A42B6687-26CD-484A-AE7D-001313C78496}.Debug|Mixed Platforms.ActiveCfg = Debug|Any CPU
		{A42B6687-26CD-484A-AE7D-001313C78496}.Debug|Mixed Platforms.Build.0 = Debug|Any CPU
		{A42B6687-26CD-484A-AE7D-001313C78496}.Debug|x86.ActiveCfg = Debug|Any CPU
		{A42B6687-26CD-484A-AE7D-001313C78496}.Release|Any CPU.ActiveCfg = Release|Any CPU
		{A42B6687-26CD-484A-AE7D-001313C78496}.Release|Any CPU.Build.0 = Release|Any CPU
		{A42B6687-26CD-484A-AE7D-001313C78496}.Release|Mixed Platforms.ActiveCfg = Release|Any CPU
		{A42B6687-26CD-484A-AE7D-001313C78496}.Release|Mixed Platforms.Build.0 = Release|Any CPU
		{A42B6687-26CD-484A-AE7D-001313C78496}.Release|x86.ActiveCfg = Release|Any CPU
		{10AF5A17-977D-49CD-B4CC-31D3DD8BF66E}.Debug|Any CPU.ActiveCfg = Debug|Any CPU
		{10AF5A17-977D-49CD-B4CC-31D3DD8BF66E}.Debug|Any CPU.Build.0 = Debug|Any CPU
		{10AF5A17-977D-49CD-B4CC-31D3DD8BF66E}.Debug|Mixed Platforms.ActiveCfg = Debug|Any CPU
		{10AF5A17-977D-49CD-B4CC-31D3DD8BF66E}.Debug|Mixed Platforms.Build.0 = Debug|Any CPU
		{10AF5A17-977D-49CD-B4CC-31D3DD8BF66E}.Debug|x86.ActiveCfg = Debug|Any CPU
		{10AF5A17-977D-49CD-B4CC-31D3DD8BF66E}.Release|Any CPU.ActiveCfg = Release|Any CPU
		{10AF5A17-977D-49CD-B4CC-31D3DD8BF66E}.Release|Any CPU.Build.0 = Release|Any CPU
		{10AF5A17-977D-49CD-B4CC-31D3DD8BF66E}.Release|Mixed Platforms.ActiveCfg = Release|Any CPU
		{10AF5A17-977D-49CD-B4CC-31D3DD8BF66E}.Release|Mixed Platforms.Build.0 = Release|Any CPU
		{10AF5A17-977D-49CD-B4CC-31D3DD8BF66E}.Release|x86.ActiveCfg = Release|Any CPU
		{2294E3A6-F919-4443-B56F-D48E0C4D1B53}.Debug|Any CPU.ActiveCfg = Debug|Any CPU
		{2294E3A6-F919-4443-B56F-D48E0C4D1B53}.Debug|Any CPU.Build.0 = Debug|Any CPU
		{2294E3A6-F919-4443-B56F-D48E0C4D1B53}.Debug|Mixed Platforms.ActiveCfg = Debug|Any CPU
		{2294E3A6-F919-4443-B56F-D48E0C4D1B53}.Debug|Mixed Platforms.Build.0 = Debug|Any CPU
		{2294E3A6-F919-4443-B56F-D48E0C4D1B53}.Debug|x86.ActiveCfg = Debug|Any CPU
		{2294E3A6-F919-4443-B56F-D48E0C4D1B53}.Release|Any CPU.ActiveCfg = Release|Any CPU
		{2294E3A6-F919-4443-B56F-D48E0C4D1B53}.Release|Any CPU.Build.0 = Release|Any CPU
		{2294E3A6-F919-4443-B56F-D48E0C4D1B53}.Release|Mixed Platforms.ActiveCfg = Release|Any CPU
		{2294E3A6-F919-4443-B56F-D48E0C4D1B53}.Release|Mixed Platforms.Build.0 = Release|Any CPU
		{2294E3A6-F919-4443-B56F-D48E0C4D1B53}.Release|x86.ActiveCfg = Release|Any CPU
		{EBBECA37-98B3-4599-BF8D-960F432015CB}.Debug|Any CPU.ActiveCfg = Debug|Any CPU
		{EBBECA37-98B3-4599-BF8D-960F432015CB}.Debug|Any CPU.Build.0 = Debug|Any CPU
		{EBBECA37-98B3-4599-BF8D-960F432015CB}.Debug|Mixed Platforms.ActiveCfg = Debug|Any CPU
		{EBBECA37-98B3-4599-BF8D-960F432015CB}.Debug|Mixed Platforms.Build.0 = Debug|Any CPU
		{EBBECA37-98B3-4599-BF8D-960F432015CB}.Debug|x86.ActiveCfg = Debug|Any CPU
		{EBBECA37-98B3-4599-BF8D-960F432015CB}.Release|Any CPU.ActiveCfg = Release|Any CPU
		{EBBECA37-98B3-4599-BF8D-960F432015CB}.Release|Any CPU.Build.0 = Release|Any CPU
		{EBBECA37-98B3-4599-BF8D-960F432015CB}.Release|Mixed Platforms.ActiveCfg = Release|Any CPU
		{EBBECA37-98B3-4599-BF8D-960F432015CB}.Release|Mixed Platforms.Build.0 = Release|Any CPU
		{EBBECA37-98B3-4599-BF8D-960F432015CB}.Release|x86.ActiveCfg = Release|Any CPU
		{DD7208E4-1237-46EF-985C-64D3AFC62A4E}.Debug|Any CPU.ActiveCfg = Debug|Any CPU
		{DD7208E4-1237-46EF-985C-64D3AFC62A4E}.Debug|Any CPU.Build.0 = Debug|Any CPU
		{DD7208E4-1237-46EF-985C-64D3AFC62A4E}.Debug|Mixed Platforms.ActiveCfg = Debug|Any CPU
		{DD7208E4-1237-46EF-985C-64D3AFC62A4E}.Debug|Mixed Platforms.Build.0 = Debug|Any CPU
		{DD7208E4-1237-46EF-985C-64D3AFC62A4E}.Debug|x86.ActiveCfg = Debug|Any CPU
		{DD7208E4-1237-46EF-985C-64D3AFC62A4E}.Release|Any CPU.ActiveCfg = Release|Any CPU
		{DD7208E4-1237-46EF-985C-64D3AFC62A4E}.Release|Any CPU.Build.0 = Release|Any CPU
		{DD7208E4-1237-46EF-985C-64D3AFC62A4E}.Release|Mixed Platforms.ActiveCfg = Release|Any CPU
		{DD7208E4-1237-46EF-985C-64D3AFC62A4E}.Release|Mixed Platforms.Build.0 = Release|Any CPU
		{DD7208E4-1237-46EF-985C-64D3AFC62A4E}.Release|x86.ActiveCfg = Release|Any CPU
		{DFBCF4DE-E56C-43BE-89CD-962352C4BEB9}.Debug|Any CPU.ActiveCfg = Debug|Any CPU
		{DFBCF4DE-E56C-43BE-89CD-962352C4BEB9}.Debug|Any CPU.Build.0 = Debug|Any CPU
		{DFBCF4DE-E56C-43BE-89CD-962352C4BEB9}.Debug|Mixed Platforms.ActiveCfg = Debug|Any CPU
		{DFBCF4DE-E56C-43BE-89CD-962352C4BEB9}.Debug|Mixed Platforms.Build.0 = Debug|Any CPU
		{DFBCF4DE-E56C-43BE-89CD-962352C4BEB9}.Debug|x86.ActiveCfg = Debug|Any CPU
		{DFBCF4DE-E56C-43BE-89CD-962352C4BEB9}.Release|Any CPU.ActiveCfg = Release|Any CPU
		{DFBCF4DE-E56C-43BE-89CD-962352C4BEB9}.Release|Any CPU.Build.0 = Release|Any CPU
		{DFBCF4DE-E56C-43BE-89CD-962352C4BEB9}.Release|Mixed Platforms.ActiveCfg = Release|Any CPU
		{DFBCF4DE-E56C-43BE-89CD-962352C4BEB9}.Release|Mixed Platforms.Build.0 = Release|Any CPU
		{DFBCF4DE-E56C-43BE-89CD-962352C4BEB9}.Release|x86.ActiveCfg = Release|Any CPU
		{35771DF9-7C4C-4597-B86A-A5785FC91D94}.Debug|Any CPU.ActiveCfg = Debug|Any CPU
		{35771DF9-7C4C-4597-B86A-A5785FC91D94}.Debug|Any CPU.Build.0 = Debug|Any CPU
		{35771DF9-7C4C-4597-B86A-A5785FC91D94}.Debug|Mixed Platforms.ActiveCfg = Debug|Any CPU
		{35771DF9-7C4C-4597-B86A-A5785FC91D94}.Debug|Mixed Platforms.Build.0 = Debug|Any CPU
		{35771DF9-7C4C-4597-B86A-A5785FC91D94}.Debug|x86.ActiveCfg = Debug|Any CPU
		{35771DF9-7C4C-4597-B86A-A5785FC91D94}.Release|Any CPU.ActiveCfg = Release|Any CPU
		{35771DF9-7C4C-4597-B86A-A5785FC91D94}.Release|Any CPU.Build.0 = Release|Any CPU
		{35771DF9-7C4C-4597-B86A-A5785FC91D94}.Release|Mixed Platforms.ActiveCfg = Release|Any CPU
		{35771DF9-7C4C-4597-B86A-A5785FC91D94}.Release|Mixed Platforms.Build.0 = Release|Any CPU
		{35771DF9-7C4C-4597-B86A-A5785FC91D94}.Release|x86.ActiveCfg = Release|Any CPU
		{9BF6393B-2915-4E4F-B223-357FAF1C3B2A}.Debug|Any CPU.ActiveCfg = Debug|Any CPU
		{9BF6393B-2915-4E4F-B223-357FAF1C3B2A}.Debug|Any CPU.Build.0 = Debug|Any CPU
		{9BF6393B-2915-4E4F-B223-357FAF1C3B2A}.Debug|Mixed Platforms.ActiveCfg = Debug|Any CPU
		{9BF6393B-2915-4E4F-B223-357FAF1C3B2A}.Debug|Mixed Platforms.Build.0 = Debug|Any CPU
		{9BF6393B-2915-4E4F-B223-357FAF1C3B2A}.Debug|x86.ActiveCfg = Debug|Any CPU
		{9BF6393B-2915-4E4F-B223-357FAF1C3B2A}.Release|Any CPU.ActiveCfg = Release|Any CPU
		{9BF6393B-2915-4E4F-B223-357FAF1C3B2A}.Release|Any CPU.Build.0 = Release|Any CPU
		{9BF6393B-2915-4E4F-B223-357FAF1C3B2A}.Release|Mixed Platforms.ActiveCfg = Release|Any CPU
		{9BF6393B-2915-4E4F-B223-357FAF1C3B2A}.Release|Mixed Platforms.Build.0 = Release|Any CPU
		{9BF6393B-2915-4E4F-B223-357FAF1C3B2A}.Release|x86.ActiveCfg = Release|Any CPU
	EndGlobalSection
	GlobalSection(SolutionProperties) = preSolution
		HideSolutionNode = FALSE
	EndGlobalSection
	GlobalSection(NestedProjects) = preSolution
		{C8E7D26D-2896-4206-AF79-6D494440C5C2} = {F56F74AD-C569-4107-86C5-1151AB21AF7A}
		{A42B6687-26CD-484A-AE7D-001313C78496} = {DD563324-767A-41D1-8AA5-D64854F65C22}
		{3CB15D71-B73B-42D2-84BF-3135FAA1D8DB} = {18D1D47D-955D-43DC-BE18-382B2C0D65CA}
		{DFBCF4DE-E56C-43BE-89CD-962352C4BEB9} = {129002F5-73DA-4783-9884-0823FE6A6971}
		{35771DF9-7C4C-4597-B86A-A5785FC91D94} = {5C3E23A6-FE28-4B1A-B658-D9645F62667A}
		{10AF5A17-977D-49CD-B4CC-31D3DD8BF66E} = {93BA729E-A6CF-4562-885E-A5CE2C9C3BA5}
		{5792C255-30E5-4A29-8C92-BB696E9BC6C3} = {DE0A690D-A15E-4F62-95AF-3B8916E7A8D8}
		{86844AFB-C40C-4086-87CE-1C2A31A1278C} = {099C2F40-7A05-4B39-B304-E03E419FD26B}
		{4D83C1B4-9FAD-4F19-AB2E-28D02A39DF51} = {74C2536C-3F1C-4E50-A931-D017CBA0F510}
		{3857BA10-1010-4B0E-BE26-FFA456E488FA} = {B306E730-9FF0-41BF-A523-997965972597}
		{DD7208E4-1237-46EF-985C-64D3AFC62A4E} = {2F9D6CE3-90D4-47AD-AA27-31D848B6A239}
		{2294E3A6-F919-4443-B56F-D48E0C4D1B53} = {CA52601D-6372-4989-A68A-D58734FDD3B3}
		{EBBECA37-98B3-4599-BF8D-960F432015CB} = {FA96A1AB-1C4F-4291-AB79-D645ED033D99}
		{E1A7E991-237D-48A3-B38D-3A5422A66908} = {1826467F-98DF-4CF9-A8CF-E36A88AE7E62}
	EndGlobalSection
EndGlobal
